// !$*UTF8*$!
{
	archiveVersion = 1;
	classes = {
	};
	objectVersion = 55;
	objects = {

/* Begin PBXBuildFile section */
		3018F0B028A1565900C158A1 /* AppDelegate.m in Sources */ = {isa = PBXBuildFile; fileRef = 3018F0AF28A1565900C158A1 /* AppDelegate.m */; };
		3018F0B328A1565900C158A1 /* SceneDelegate.m in Sources */ = {isa = PBXBuildFile; fileRef = 3018F0B228A1565900C158A1 /* SceneDelegate.m */; };
		3018F0B628A1565900C158A1 /* ViewController.m in Sources */ = {isa = PBXBuildFile; fileRef = 3018F0B528A1565900C158A1 /* ViewController.m */; };
		3018F0B928A1565900C158A1 /* Main.storyboard in Resources */ = {isa = PBXBuildFile; fileRef = 3018F0B728A1565900C158A1 /* Main.storyboard */; };
		3018F0BB28A1565A00C158A1 /* Assets.xcassets in Resources */ = {isa = PBXBuildFile; fileRef = 3018F0BA28A1565A00C158A1 /* Assets.xcassets */; };
		3018F0BE28A1565A00C158A1 /* LaunchScreen.storyboard in Resources */ = {isa = PBXBuildFile; fileRef = 3018F0BC28A1565A00C158A1 /* LaunchScreen.storyboard */; };
		3018F0C128A1565A00C158A1 /* main.m in Sources */ = {isa = PBXBuildFile; fileRef = 3018F0C028A1565A00C158A1 /* main.m */; };
		7F174BD5A4BF014EA3CA4C5B /* libPods-Cool.a in Frameworks */ = {isa = PBXBuildFile; fileRef = 5ABEC74940107B92335880DA /* libPods-Cool.a */; };
/* End PBXBuildFile section */

/* Begin PBXFileReference section */
		3018F0AB28A1565900C158A1 /* Cool.app */ = {isa = PBXFileReference; explicitFileType = wrapper.application; includeInIndex = 0; path = Cool.app; sourceTree = BUILT_PRODUCTS_DIR; };
		3018F0AE28A1565900C158A1 /* AppDelegate.h */ = {isa = PBXFileReference; lastKnownFileType = sourcecode.c.h; path = AppDelegate.h; sourceTree = "<group>"; };
		3018F0AF28A1565900C158A1 /* AppDelegate.m */ = {isa = PBXFileReference; lastKnownFileType = sourcecode.c.objc; path = AppDelegate.m; sourceTree = "<group>"; };
		3018F0B128A1565900C158A1 /* SceneDelegate.h */ = {isa = PBXFileReference; lastKnownFileType = sourcecode.c.h; path = SceneDelegate.h; sourceTree = "<group>"; };
		3018F0B228A1565900C158A1 /* SceneDelegate.m */ = {isa = PBXFileReference; lastKnownFileType = sourcecode.c.objc; path = SceneDelegate.m; sourceTree = "<group>"; };
		3018F0B428A1565900C158A1 /* ViewController.h */ = {isa = PBXFileReference; lastKnownFileType = sourcecode.c.h; path = ViewController.h; sourceTree = "<group>"; };
		3018F0B528A1565900C158A1 /* ViewController.m */ = {isa = PBXFileReference; lastKnownFileType = sourcecode.c.objc; path = ViewController.m; sourceTree = "<group>"; };
		3018F0B828A1565900C158A1 /* Base */ = {isa = PBXFileReference; lastKnownFileType = file.storyboard; name = Base; path = Base.lproj/Main.storyboard; sourceTree = "<group>"; };
		3018F0BA28A1565A00C158A1 /* Assets.xcassets */ = {isa = PBXFileReference; lastKnownFileType = folder.assetcatalog; path = Assets.xcassets; sourceTree = "<group>"; };
		3018F0BD28A1565A00C158A1 /* Base */ = {isa = PBXFileReference; lastKnownFileType = file.storyboard; name = Base; path = Base.lproj/LaunchScreen.storyboard; sourceTree = "<group>"; };
		3018F0BF28A1565A00C158A1 /* Info.plist */ = {isa = PBXFileReference; lastKnownFileType = text.plist.xml; path = Info.plist; sourceTree = "<group>"; };
		3018F0C028A1565A00C158A1 /* main.m */ = {isa = PBXFileReference; lastKnownFileType = sourcecode.c.objc; path = main.m; sourceTree = "<group>"; };
		5ABEC74940107B92335880DA /* libPods-Cool.a */ = {isa = PBXFileReference; explicitFileType = archive.ar; includeInIndex = 0; path = "libPods-Cool.a"; sourceTree = BUILT_PRODUCTS_DIR; };
		E942971C3D7A696EB28610E3 /* Pods-Cool.release.xcconfig */ = {isa = PBXFileReference; includeInIndex = 1; lastKnownFileType = text.xcconfig; name = "Pods-Cool.release.xcconfig"; path = "Target Support Files/Pods-Cool/Pods-Cool.release.xcconfig"; sourceTree = "<group>"; };
		F22FA8BEEC03E51B1F4A3DE0 /* Pods-Cool.debug.xcconfig */ = {isa = PBXFileReference; includeInIndex = 1; lastKnownFileType = text.xcconfig; name = "Pods-Cool.debug.xcconfig"; path = "Target Support Files/Pods-Cool/Pods-Cool.debug.xcconfig"; sourceTree = "<group>"; };
/* End PBXFileReference section */

/* Begin PBXFrameworksBuildPhase section */
		3018F0A828A1565900C158A1 /* Frameworks */ = {
			isa = PBXFrameworksBuildPhase;
			buildActionMask = 2147483647;
			files = (
				7F174BD5A4BF014EA3CA4C5B /* libPods-Cool.a in Frameworks */,
			);
			runOnlyForDeploymentPostprocessing = 0;
		};
/* End PBXFrameworksBuildPhase section */

/* Begin PBXGroup section */
		3018F0A228A1565900C158A1 = {
			isa = PBXGroup;
			children = (
				3018F0AD28A1565900C158A1 /* Cool */,
				3018F0AC28A1565900C158A1 /* Products */,
				8F2A5B696766AB82C0AA765B /* Pods */,
				77C900718D73F2DAC7664A6E /* Frameworks */,
			);
			sourceTree = "<group>";
		};
		3018F0AC28A1565900C158A1 /* Products */ = {
			isa = PBXGroup;
			children = (
				3018F0AB28A1565900C158A1 /* Cool.app */,
			);
			name = Products;
			sourceTree = "<group>";
		};
		3018F0AD28A1565900C158A1 /* Cool */ = {
			isa = PBXGroup;
			children = (
				3018F0AE28A1565900C158A1 /* AppDelegate.h */,
				3018F0AF28A1565900C158A1 /* AppDelegate.m */,
				3018F0B128A1565900C158A1 /* SceneDelegate.h */,
				3018F0B228A1565900C158A1 /* SceneDelegate.m */,
				3018F0B428A1565900C158A1 /* ViewController.h */,
				3018F0B528A1565900C158A1 /* ViewController.m */,
				3018F0B728A1565900C158A1 /* Main.storyboard */,
				3018F0BA28A1565A00C158A1 /* Assets.xcassets */,
				3018F0BC28A1565A00C158A1 /* LaunchScreen.storyboard */,
				3018F0BF28A1565A00C158A1 /* Info.plist */,
				3018F0C028A1565A00C158A1 /* main.m */,
			);
			path = Cool;
			sourceTree = "<group>";
		};
		77C900718D73F2DAC7664A6E /* Frameworks */ = {
			isa = PBXGroup;
			children = (
				5ABEC74940107B92335880DA /* libPods-Cool.a */,
			);
			name = Frameworks;
			sourceTree = "<group>";
		};
		8F2A5B696766AB82C0AA765B /* Pods */ = {
			isa = PBXGroup;
			children = (
				F22FA8BEEC03E51B1F4A3DE0 /* Pods-Cool.debug.xcconfig */,
				E942971C3D7A696EB28610E3 /* Pods-Cool.release.xcconfig */,
			);
			name = Pods;
			path = Pods;
			sourceTree = "<group>";
		};
/* End PBXGroup section */

/* Begin PBXNativeTarget section */
		3018F0AA28A1565900C158A1 /* Cool */ = {
			isa = PBXNativeTarget;
			buildConfigurationList = 3018F0C428A1565A00C158A1 /* Build configuration list for PBXNativeTarget "Cool" */;
			buildPhases = (
				40D7C5C8A50FF60A71AC7E02 /* [CP] Check Pods Manifest.lock */,
				3018F0A728A1565900C158A1 /* Sources */,
				3018F0A828A1565900C158A1 /* Frameworks */,
				3018F0A928A1565900C158A1 /* Resources */,
				A2933BB2BAEA98447E57674F /* [CP] Copy Pods Resources */,
			);
			buildRules = (
			);
			dependencies = (
			);
			name = Cool;
			productName = Cool;
			productReference = 3018F0AB28A1565900C158A1 /* Cool.app */;
			productType = "com.apple.product-type.application";
		};
/* End PBXNativeTarget section */

/* Begin PBXProject section */
		3018F0A328A1565900C158A1 /* Project object */ = {
			isa = PBXProject;
			attributes = {
				BuildIndependentTargetsInParallel = 1;
				LastUpgradeCheck = 1340;
				TargetAttributes = {
					3018F0AA28A1565900C158A1 = {
						CreatedOnToolsVersion = 13.4.1;
					};
				};
			};
			buildConfigurationList = 3018F0A628A1565900C158A1 /* Build configuration list for PBXProject "Cool" */;
			compatibilityVersion = "Xcode 13.0";
			developmentRegion = en;
			hasScannedForEncodings = 0;
			knownRegions = (
				en,
				Base,
			);
			mainGroup = 3018F0A228A1565900C158A1;
			productRefGroup = 3018F0AC28A1565900C158A1 /* Products */;
			projectDirPath = "";
			projectRoot = "";
			targets = (
				3018F0AA28A1565900C158A1 /* Cool */,
			);
		};
/* End PBXProject section */

/* Begin PBXResourcesBuildPhase section */
		3018F0A928A1565900C158A1 /* Resources */ = {
			isa = PBXResourcesBuildPhase;
			buildActionMask = 2147483647;
			files = (
				3018F0BE28A1565A00C158A1 /* LaunchScreen.storyboard in Resources */,
				3018F0BB28A1565A00C158A1 /* Assets.xcassets in Resources */,
				3018F0B928A1565900C158A1 /* Main.storyboard in Resources */,
			);
			runOnlyForDeploymentPostprocessing = 0;
		};
/* End PBXResourcesBuildPhase section */

/* Begin PBXShellScriptBuildPhase section */
		40D7C5C8A50FF60A71AC7E02 /* [CP] Check Pods Manifest.lock */ = {
			isa = PBXShellScriptBuildPhase;
			buildActionMask = 2147483647;
			files = (
			);
			inputFileListPaths = (
			);
			inputPaths = (
				"${PODS_PODFILE_DIR_PATH}/Podfile.lock",
				"${PODS_ROOT}/Manifest.lock",
			);
			name = "[CP] Check Pods Manifest.lock";
			outputFileListPaths = (
			);
			outputPaths = (
				"$(DERIVED_FILE_DIR)/Pods-Cool-checkManifestLockResult.txt",
			);
			runOnlyForDeploymentPostprocessing = 0;
			shellPath = /bin/sh;
			shellScript = "diff \"${PODS_PODFILE_DIR_PATH}/Podfile.lock\" \"${PODS_ROOT}/Manifest.lock\" > /dev/null\nif [ $? != 0 ] ; then\n    # print error to STDERR\n    echo \"error: The sandbox is not in sync with the Podfile.lock. Run 'pod install' or update your CocoaPods installation.\" >&2\n    exit 1\nfi\n# This output is used by Xcode 'outputs' to avoid re-running this script phase.\necho \"SUCCESS\" > \"${SCRIPT_OUTPUT_FILE_0}\"\n";
			showEnvVarsInLog = 0;
		};
		A2933BB2BAEA98447E57674F /* [CP] Copy Pods Resources */ = {
			isa = PBXShellScriptBuildPhase;
			buildActionMask = 2147483647;
			files = (
			);
			inputFileListPaths = (
				"${PODS_ROOT}/Target Support Files/Pods-Cool/Pods-Cool-resources-${CONFIGURATION}-input-files.xcfilelist",
			);
			name = "[CP] Copy Pods Resources";
			outputFileListPaths = (
				"${PODS_ROOT}/Target Support Files/Pods-Cool/Pods-Cool-resources-${CONFIGURATION}-output-files.xcfilelist",
			);
			runOnlyForDeploymentPostprocessing = 0;
			shellPath = /bin/sh;
			shellScript = "\"${PODS_ROOT}/Target Support Files/Pods-Cool/Pods-Cool-resources.sh\"\n";
			showEnvVarsInLog = 0;
		};
/* End PBXShellScriptBuildPhase section */

/* Begin PBXSourcesBuildPhase section */
		3018F0A728A1565900C158A1 /* Sources */ = {
			isa = PBXSourcesBuildPhase;
			buildActionMask = 2147483647;
			files = (
				3018F0B628A1565900C158A1 /* ViewController.m in Sources */,
				3018F0B028A1565900C158A1 /* AppDelegate.m in Sources */,
				3018F0C128A1565A00C158A1 /* main.m in Sources */,
				3018F0B328A1565900C158A1 /* SceneDelegate.m in Sources */,
			);
			runOnlyForDeploymentPostprocessing = 0;
		};
/* End PBXSourcesBuildPhase section */

/* Begin PBXVariantGroup section */
		3018F0B728A1565900C158A1 /* Main.storyboard */ = {
			isa = PBXVariantGroup;
			children = (
				3018F0B828A1565900C158A1 /* Base */,
			);
			name = Main.storyboard;
			sourceTree = "<group>";
		};
		3018F0BC28A1565A00C158A1 /* LaunchScreen.storyboard */ = {
			isa = PBXVariantGroup;
			children = (
				3018F0BD28A1565A00C158A1 /* Base */,
			);
			name = LaunchScreen.storyboard;
			sourceTree = "<group>";
		};
/* End PBXVariantGroup section */

/* Begin XCBuildConfiguration section */
		3018F0C228A1565A00C158A1 /* Debug */ = {
			isa = XCBuildConfiguration;
			buildSettings = {
				ALWAYS_SEARCH_USER_PATHS = NO;
				CLANG_ANALYZER_NONNULL = YES;
				CLANG_ANALYZER_NUMBER_OBJECT_CONVERSION = YES_AGGRESSIVE;
				CLANG_CXX_LANGUAGE_STANDARD = "gnu++17";
				CLANG_ENABLE_MODULES = YES;
				CLANG_ENABLE_OBJC_ARC = YES;
				CLANG_ENABLE_OBJC_WEAK = YES;
				CLANG_WARN_BLOCK_CAPTURE_AUTORELEASING = YES;
				CLANG_WARN_BOOL_CONVERSION = YES;
				CLANG_WARN_COMMA = YES;
				CLANG_WARN_CONSTANT_CONVERSION = YES;
				CLANG_WARN_DEPRECATED_OBJC_IMPLEMENTATIONS = YES;
				CLANG_WARN_DIRECT_OBJC_ISA_USAGE = YES_ERROR;
				CLANG_WARN_DOCUMENTATION_COMMENTS = YES;
				CLANG_WARN_EMPTY_BODY = YES;
				CLANG_WARN_ENUM_CONVERSION = YES;
				CLANG_WARN_INFINITE_RECURSION = YES;
				CLANG_WARN_INT_CONVERSION = YES;
				CLANG_WARN_NON_LITERAL_NULL_CONVERSION = YES;
				CLANG_WARN_OBJC_IMPLICIT_RETAIN_SELF = YES;
				CLANG_WARN_OBJC_LITERAL_CONVERSION = YES;
				CLANG_WARN_OBJC_ROOT_CLASS = YES_ERROR;
				CLANG_WARN_QUOTED_INCLUDE_IN_FRAMEWORK_HEADER = YES;
				CLANG_WARN_RANGE_LOOP_ANALYSIS = YES;
				CLANG_WARN_STRICT_PROTOTYPES = YES;
				CLANG_WARN_SUSPICIOUS_MOVE = YES;
				CLANG_WARN_UNGUARDED_AVAILABILITY = YES_AGGRESSIVE;
				CLANG_WARN_UNREACHABLE_CODE = YES;
				CLANG_WARN__DUPLICATE_METHOD_MATCH = YES;
				COPY_PHASE_STRIP = NO;
				DEBUG_INFORMATION_FORMAT = dwarf;
				ENABLE_STRICT_OBJC_MSGSEND = YES;
				ENABLE_TESTABILITY = YES;
				GCC_C_LANGUAGE_STANDARD = gnu11;
				GCC_DYNAMIC_NO_PIC = NO;
				GCC_NO_COMMON_BLOCKS = YES;
				GCC_OPTIMIZATION_LEVEL = 0;
				GCC_PREPROCESSOR_DEFINITIONS = (
					"DEBUG=1",
					"$(inherited)",
				);
				GCC_WARN_64_TO_32_BIT_CONVERSION = YES;
				GCC_WARN_ABOUT_RETURN_TYPE = YES_ERROR;
				GCC_WARN_UNDECLARED_SELECTOR = YES;
				GCC_WARN_UNINITIALIZED_AUTOS = YES_AGGRESSIVE;
				GCC_WARN_UNUSED_FUNCTION = YES;
				GCC_WARN_UNUSED_VARIABLE = YES;
				IPHONEOS_DEPLOYMENT_TARGET = 15.5;
				MTL_ENABLE_DEBUG_INFO = INCLUDE_SOURCE;
				MTL_FAST_MATH = YES;
				ONLY_ACTIVE_ARCH = YES;
				SDKROOT = iphoneos;
			};
			name = Debug;
		};
		3018F0C328A1565A00C158A1 /* Release */ = {
			isa = XCBuildConfiguration;
			buildSettings = {
				ALWAYS_SEARCH_USER_PATHS = NO;
				CLANG_ANALYZER_NONNULL = YES;
				CLANG_ANALYZER_NUMBER_OBJECT_CONVERSION = YES_AGGRESSIVE;
				CLANG_CXX_LANGUAGE_STANDARD = "gnu++17";
				CLANG_ENABLE_MODULES = YES;
				CLANG_ENABLE_OBJC_ARC = YES;
				CLANG_ENABLE_OBJC_WEAK = YES;
				CLANG_WARN_BLOCK_CAPTURE_AUTORELEASING = YES;
				CLANG_WARN_BOOL_CONVERSION = YES;
				CLANG_WARN_COMMA = YES;
				CLANG_WARN_CONSTANT_CONVERSION = YES;
				CLANG_WARN_DEPRECATED_OBJC_IMPLEMENTATIONS = YES;
				CLANG_WARN_DIRECT_OBJC_ISA_USAGE = YES_ERROR;
				CLANG_WARN_DOCUMENTATION_COMMENTS = YES;
				CLANG_WARN_EMPTY_BODY = YES;
				CLANG_WARN_ENUM_CONVERSION = YES;
				CLANG_WARN_INFINITE_RECURSION = YES;
				CLANG_WARN_INT_CONVERSION = YES;
				CLANG_WARN_NON_LITERAL_NULL_CONVERSION = YES;
				CLANG_WARN_OBJC_IMPLICIT_RETAIN_SELF = YES;
				CLANG_WARN_OBJC_LITERAL_CONVERSION = YES;
				CLANG_WARN_OBJC_ROOT_CLASS = YES_ERROR;
				CLANG_WARN_QUOTED_INCLUDE_IN_FRAMEWORK_HEADER = YES;
				CLANG_WARN_RANGE_LOOP_ANALYSIS = YES;
				CLANG_WARN_STRICT_PROTOTYPES = YES;
				CLANG_WARN_SUSPICIOUS_MOVE = YES;
				CLANG_WARN_UNGUARDED_AVAILABILITY = YES_AGGRESSIVE;
				CLANG_WARN_UNREACHABLE_CODE = YES;
				CLANG_WARN__DUPLICATE_METHOD_MATCH = YES;
				COPY_PHASE_STRIP = NO;
				DEBUG_INFORMATION_FORMAT = "dwarf-with-dsym";
				ENABLE_NS_ASSERTIONS = NO;
				ENABLE_STRICT_OBJC_MSGSEND = YES;
				GCC_C_LANGUAGE_STANDARD = gnu11;
				GCC_NO_COMMON_BLOCKS = YES;
				GCC_WARN_64_TO_32_BIT_CONVERSION = YES;
				GCC_WARN_ABOUT_RETURN_TYPE = YES_ERROR;
				GCC_WARN_UNDECLARED_SELECTOR = YES;
				GCC_WARN_UNINITIALIZED_AUTOS = YES_AGGRESSIVE;
				GCC_WARN_UNUSED_FUNCTION = YES;
				GCC_WARN_UNUSED_VARIABLE = YES;
				IPHONEOS_DEPLOYMENT_TARGET = 15.5;
				MTL_ENABLE_DEBUG_INFO = NO;
				MTL_FAST_MATH = YES;
				SDKROOT = iphoneos;
				VALIDATE_PRODUCT = YES;
			};
			name = Release;
		};
		3018F0C528A1565A00C158A1 /* Debug */ = {
			isa = XCBuildConfiguration;
			baseConfigurationReference = F22FA8BEEC03E51B1F4A3DE0 /* Pods-Cool.debug.xcconfig */;
			buildSettings = {
				ASSETCATALOG_COMPILER_APPICON_NAME = AppIcon;
				ASSETCATALOG_COMPILER_GLOBAL_ACCENT_COLOR_NAME = AccentColor;
				CODE_SIGN_STYLE = Automatic;
				CURRENT_PROJECT_VERSION = 1;
				GENERATE_INFOPLIST_FILE = YES;
				INFOPLIST_FILE = Cool/Info.plist;
				INFOPLIST_KEY_UIApplicationSupportsIndirectInputEvents = YES;
				INFOPLIST_KEY_UILaunchStoryboardName = LaunchScreen;
				INFOPLIST_KEY_UIMainStoryboardFile = Main;
				INFOPLIST_KEY_UISupportedInterfaceOrientations_iPad = "UIInterfaceOrientationPortrait UIInterfaceOrientationPortraitUpsideDown UIInterfaceOrientationLandscapeLeft UIInterfaceOrientationLandscapeRight";
				INFOPLIST_KEY_UISupportedInterfaceOrientations_iPhone = "UIInterfaceOrientationPortrait UIInterfaceOrientationLandscapeLeft UIInterfaceOrientationLandscapeRight";
				LD_RUNPATH_SEARCH_PATHS = (
					"$(inherited)",
					"@executable_path/Frameworks",
				);
				MARKETING_VERSION = 1.0;
				PRODUCT_BUNDLE_IDENTIFIER = cssilan.Cool;
				PRODUCT_NAME = "$(TARGET_NAME)";
				SWIFT_EMIT_LOC_STRINGS = YES;
				TARGETED_DEVICE_FAMILY = "1,2";
			};
			name = Debug;
		};
		3018F0C628A1565A00C158A1 /* Release */ = {
			isa = XCBuildConfiguration;
			baseConfigurationReference = E942971C3D7A696EB28610E3 /* Pods-Cool.release.xcconfig */;
			buildSettings = {
				ASSETCATALOG_COMPILER_APPICON_NAME = AppIcon;
				ASSETCATALOG_COMPILER_GLOBAL_ACCENT_COLOR_NAME = AccentColor;
				CODE_SIGN_STYLE = Automatic;
				CURRENT_PROJECT_VERSION = 1;
				GENERATE_INFOPLIST_FILE = YES;
				INFOPLIST_FILE = Cool/Info.plist;
				INFOPLIST_KEY_UIApplicationSupportsIndirectInputEvents = YES;
				INFOPLIST_KEY_UILaunchStoryboardName = LaunchScreen;
				INFOPLIST_KEY_UIMainStoryboardFile = Main;
				INFOPLIST_KEY_UISupportedInterfaceOrientations_iPad = "UIInterfaceOrientationPortrait UIInterfaceOrientationPortraitUpsideDown UIInterfaceOrientationLandscapeLeft UIInterfaceOrientationLandscapeRight";
				INFOPLIST_KEY_UISupportedInterfaceOrientations_iPhone = "UIInterfaceOrientationPortrait UIInterfaceOrientationLandscapeLeft UIInterfaceOrientationLandscapeRight";
				LD_RUNPATH_SEARCH_PATHS = (
					"$(inherited)",
					"@executable_path/Frameworks",
				);
				MARKETING_VERSION = 1.0;
				PRODUCT_BUNDLE_IDENTIFIER = cssilan.Cool;
				PRODUCT_NAME = "$(TARGET_NAME)";
				SWIFT_EMIT_LOC_STRINGS = YES;
				TARGETED_DEVICE_FAMILY = "1,2";
			};
			name = Release;
		};
/* End XCBuildConfiguration section */

/* Begin XCConfigurationList section */
		3018F0A628A1565900C158A1 /* Build configuration list for PBXProject "Cool" */ = {
			isa = XCConfigurationList;
			buildConfigurations = (
				3018F0C228A1565A00C158A1 /* Debug */,
				3018F0C328A1565A00C158A1 /* Release */,
			);
			defaultConfigurationIsVisible = 0;
			defaultConfigurationName = Release;
		};
		3018F0C428A1565A00C158A1 /* Build configuration list for PBXNativeTarget "Cool" */ = {
			isa = XCConfigurationList;
			buildConfigurations = (
				3018F0C528A1565A00C158A1 /* Debug */,
				3018F0C628A1565A00C158A1 /* Release */,
			);
			defaultConfigurationIsVisible = 0;
			defaultConfigurationName = Release;
		};
/* End XCConfigurationList section */
	};
	rootObject = 3018F0A328A1565900C158A1 /* Project object */;
}
